
Microsoft Visual Studio Solution File, Format Version 12.00
# Visual Studio Version 16
VisualStudioVersion = 16.0.31613.86
MinimumVisualStudioVersion = 10.0.40219.1
Project("{FAE04EC0-301F-11D3-BF4B-00C04F79EFBC}") = "Nullable", "Nullable.csproj", "{1CBD993C-94D9-4828-9198-59F4EF84CDDD}"
EndProject
Global
	GlobalSection(SolutionConfigurationPlatforms) = preSolution
		Debug|Any CPU = Debug|Any CPU
		Release|Any CPU = Release|Any CPU
	EndGlobalSection
	GlobalSection(ProjectConfigurationPlatforms) = postSolution
		{1CBD993C-94D9-4828-9198-59F4EF84CDDD}.Debug|Any CPU.ActiveCfg = Debug|Any CPU
		{1CBD993C-94D9-4828-9198-59F4EF84CDDD}.Debug|Any CPU.Build.0 = Debug|Any CPU
		{1CBD993C-94D9-4828-9198-59F4EF84CDDD}.Release|Any CPU.ActiveCfg = Release|Any CPU
		{1CBD993C-94D9-4828-9198-59F4EF84CDDD}.Release|Any CPU.Build.0 = Release|Any CPU
	EndGlobalSection
	GlobalSection(SolutionProperties) = preSolution
		HideSolutionNode = FALSE
	EndGlobalSection
	GlobalSection(ExtensibilityGlobals) = postSolution
		SolutionGuid = {1BC25BDB-A9B6-44F4-B454-9953A5E98496}
	EndGlobalSection
EndGlobal
