
Microsoft Visual Studio Solution File, Format Version 12.00
# Visual Studio Version 16
VisualStudioVersion = 16.0.31613.86
MinimumVisualStudioVersion = 10.0.40219.1
Project("{FAE04EC0-301F-11D3-BF4B-00C04F79EFBC}") = "XmlReaderWriter1", "XmlReaderWriter1.csproj", "{FECC09CB-2D04-4ECA-8907-7D2FC9A75C12}"
EndProject
Global
	GlobalSection(SolutionConfigurationPlatforms) = preSolution
		Debug|Any CPU = Debug|Any CPU
		Release|Any CPU = Release|Any CPU
	EndGlobalSection
	GlobalSection(ProjectConfigurationPlatforms) = postSolution
		{FECC09CB-2D04-4ECA-8907-7D2FC9A75C12}.Debug|Any CPU.ActiveCfg = Debug|Any CPU
		{FECC09CB-2D04-4ECA-8907-7D2FC9A75C12}.Debug|Any CPU.Build.0 = Debug|Any CPU
		{FECC09CB-2D04-4ECA-8907-7D2FC9A75C12}.Release|Any CPU.ActiveCfg = Release|Any CPU
		{FECC09CB-2D04-4ECA-8907-7D2FC9A75C12}.Release|Any CPU.Build.0 = Release|Any CPU
	EndGlobalSection
	GlobalSection(SolutionProperties) = preSolution
		HideSolutionNode = FALSE
	EndGlobalSection
	GlobalSection(ExtensibilityGlobals) = postSolution
		SolutionGuid = {D19621E3-708C-4EC2-9236-3B5A20CB8BCE}
	EndGlobalSection
EndGlobal
